{
  "nodes": {
    "nixpkgs": {
      "locked": {
        "lastModified": 1774551024,
        "narHash": "sha256-nBFiIC2UHKn0CZwpT4MgoJ8yF5Uv3lI66vPXk7V8n40=",
        "owner": "NixOS",
        "repo": "nixpkgs",
        "rev": "2862328adcbe2d4c7963c2c72cf48bf95753a381",
        "type": "github"
      },
      "original": {
        "owner": "NixOS",
        "repo": "nixpkgs",
        "type": "github"
      }
    },
    "root": {
      "inputs": {
        "nixpkgs": "nixpkgs"
      }
    }
  },
  "root": "root",
  "version": 7
}
